{
	"name": "module02",
	"version": "1.0.0",
	"lockfileVersion": 1,
	"requires": true,
	"dependencies": {
		"@ks/ks-element-theme-data": {
			"version": "3.3.18",
			"resolved": "https://npm.corp.kuaishou.com/@ks%2fks-element-theme-data/-/ks-element-theme-data-3.3.18.tgz",
			"integrity": "sha512-ODDXLjULEI7F8Y1jPbegtRiqucloBlXDD4AEGZmp/3EYy+W87IuRZIWG6nlDSnn9U3YFSrQIbRj/Ix8jsQdRbw==",
			"dev": true
		}
	}
}
